
Microsoft Visual Studio Solution File, Format Version 12.00
# Visual Studio Version 17
VisualStudioVersion = 17.1.32421.90
MinimumVisualStudioVersion = 10.0.40219.1
Project("{54A90642-561A-4BB1-A94E-469ADEE60C69}") = "ExploringSelfSovereignIdentityClient", "ExploringSelfSovereignIdentityClient.esproj", "{B222CB11-2971-4C2A-8383-83DDE984B53C}"
EndProject
Global
	GlobalSection(SolutionConfigurationPlatforms) = preSolution
		Debug|Any CPU = Debug|Any CPU
		Release|Any CPU = Release|Any CPU
	EndGlobalSection
	GlobalSection(ProjectConfigurationPlatforms) = postSolution
		{B222CB11-2971-4C2A-8383-83DDE984B53C}.Debug|Any CPU.ActiveCfg = Debug|Any CPU
		{B222CB11-2971-4C2A-8383-83DDE984B53C}.Debug|Any CPU.Build.0 = Debug|Any CPU
		{B222CB11-2971-4C2A-8383-83DDE984B53C}.Debug|Any CPU.Deploy.0 = Debug|Any CPU
		{B222CB11-2971-4C2A-8383-83DDE984B53C}.Release|Any CPU.ActiveCfg = Release|Any CPU
		{B222CB11-2971-4C2A-8383-83DDE984B53C}.Release|Any CPU.Build.0 = Release|Any CPU
		{B222CB11-2971-4C2A-8383-83DDE984B53C}.Release|Any CPU.Deploy.0 = Release|Any CPU
	EndGlobalSection
	GlobalSection(SolutionProperties) = preSolution
		HideSolutionNode = FALSE
	EndGlobalSection
	GlobalSection(ExtensibilityGlobals) = postSolution
		SolutionGuid = {E40E01FA-534D-46F2-9F2F-80A4E9989AB4}
	EndGlobalSection
EndGlobal
